
Microsoft Visual Studio Solution File, Format Version 12.00
# Visual Studio Version 17
VisualStudioVersion = 17.12.35527.113
MinimumVisualStudioVersion = 10.0.40219.1
Project("{8BC9CEB8-8B4A-11D0-8D11-00A0C91BC942}") = "ExceptionMessages (MSFS2024)", "ExceptionMessages_MSFS2024.vcxproj", "{F69CDF38-80B2-4E77-A630-63E123EFD32D}"
EndProject
Global
	GlobalSection(SolutionConfigurationPlatforms) = preSolution
		Debug|Win32 = Debug|Win32
		Debug|x64 = Debug|x64
		Release|Win32 = Release|Win32
		Release|x64 = Release|x64
	EndGlobalSection
	GlobalSection(ProjectConfigurationPlatforms) = postSolution
		{F69CDF38-80B2-4E77-A630-63E123EFD32D}.Debug|Win32.ActiveCfg = Debug|x64
		{F69CDF38-80B2-4E77-A630-63E123EFD32D}.Debug|Win32.Build.0 = Debug|x64
		{F69CDF38-80B2-4E77-A630-63E123EFD32D}.Debug|x64.ActiveCfg = Debug|x64
		{F69CDF38-80B2-4E77-A630-63E123EFD32D}.Debug|x64.Build.0 = Debug|x64
		{F69CDF38-80B2-4E77-A630-63E123EFD32D}.Release|Win32.ActiveCfg = Release|x64
		{F69CDF38-80B2-4E77-A630-63E123EFD32D}.Release|Win32.Build.0 = Release|x64
		{F69CDF38-80B2-4E77-A630-63E123EFD32D}.Release|x64.ActiveCfg = Release|x64
		{F69CDF38-80B2-4E77-A630-63E123EFD32D}.Release|x64.Build.0 = Release|x64
	EndGlobalSection
	GlobalSection(SolutionProperties) = preSolution
		HideSolutionNode = FALSE
	EndGlobalSection
EndGlobal
